
Microsoft Visual Studio Solution File, Format Version 12.00
# Visual Studio Version 17
VisualStudioVersion = 17.11.35327.3
MinimumVisualStudioVersion = 10.0.40219.1
Project("{9A19103F-16F7-4668-BE54-9A1E7A4F7556}") = "TodorovNET", "TodorovNET\TodorovNET.csproj", "{BD1FB782-0163-4677-A14C-ACFA08AA97B3}"
EndProject
Global
	GlobalSection(SolutionConfigurationPlatforms) = preSolution
		Debug|Any CPU = Debug|Any CPU
		Release|Any CPU = Release|Any CPU
	EndGlobalSection
	GlobalSection(ProjectConfigurationPlatforms) = postSolution
		{BD1FB782-0163-4677-A14C-ACFA08AA97B3}.Debug|Any CPU.ActiveCfg = Debug|Any CPU
		{BD1FB782-0163-4677-A14C-ACFA08AA97B3}.Debug|Any CPU.Build.0 = Debug|Any CPU
		{BD1FB782-0163-4677-A14C-ACFA08AA97B3}.Release|Any CPU.ActiveCfg = Release|Any CPU
		{BD1FB782-0163-4677-A14C-ACFA08AA97B3}.Release|Any CPU.Build.0 = Release|Any CPU
	EndGlobalSection
	GlobalSection(SolutionProperties) = preSolution
		HideSolutionNode = FALSE
	EndGlobalSection
	GlobalSection(ExtensibilityGlobals) = postSolution
		SolutionGuid = {053DB1CD-44CA-4CEB-A1F2-12F65BE245F2}
	EndGlobalSection
EndGlobal
